
Microsoft Visual Studio Solution File, Format Version 12.00
# Visual Studio Version 17
VisualStudioVersion = 17.13.35828.75
MinimumVisualStudioVersion = 10.0.40219.1
Project("{2150E333-8FDC-42A3-9474-1A3956D46DE8}") = "Modelos", "Modelos", "{02EA681E-C7D8-13C7-8484-4AC65E1B71E8}"
EndProject
Project("{2150E333-8FDC-42A3-9474-1A3956D46DE8}") = "Vistas", "Vistas", "{07D99A78-CB3E-4645-A45D-EB12454C2EB3}"
EndProject
Project("{FAE04EC0-301F-11D3-BF4B-00C04F79EFBC}") = "Modelo", "Modelo\Modelo.csproj", "{F3F8F2B5-6A90-4EC7-9707-B8E4D2EA2BDE}"
EndProject
Project("{FAE04EC0-301F-11D3-BF4B-00C04F79EFBC}") = "Vista", "Vista\Vista.csproj", "{5C618785-A3A9-46BD-B626-6D3F39EC40DB}"
EndProject
Global
	GlobalSection(SolutionConfigurationPlatforms) = preSolution
		Debug|Any CPU = Debug|Any CPU
		Release|Any CPU = Release|Any CPU
	EndGlobalSection
	GlobalSection(ProjectConfigurationPlatforms) = postSolution
		{F3F8F2B5-6A90-4EC7-9707-B8E4D2EA2BDE}.Debug|Any CPU.ActiveCfg = Debug|Any CPU
		{F3F8F2B5-6A90-4EC7-9707-B8E4D2EA2BDE}.Debug|Any CPU.Build.0 = Debug|Any CPU
		{F3F8F2B5-6A90-4EC7-9707-B8E4D2EA2BDE}.Release|Any CPU.ActiveCfg = Release|Any CPU
		{F3F8F2B5-6A90-4EC7-9707-B8E4D2EA2BDE}.Release|Any CPU.Build.0 = Release|Any CPU
		{5C618785-A3A9-46BD-B626-6D3F39EC40DB}.Debug|Any CPU.ActiveCfg = Debug|Any CPU
		{5C618785-A3A9-46BD-B626-6D3F39EC40DB}.Debug|Any CPU.Build.0 = Debug|Any CPU
		{5C618785-A3A9-46BD-B626-6D3F39EC40DB}.Release|Any CPU.ActiveCfg = Release|Any CPU
		{5C618785-A3A9-46BD-B626-6D3F39EC40DB}.Release|Any CPU.Build.0 = Release|Any CPU
	EndGlobalSection
	GlobalSection(SolutionProperties) = preSolution
		HideSolutionNode = FALSE
	EndGlobalSection
	GlobalSection(NestedProjects) = preSolution
		{F3F8F2B5-6A90-4EC7-9707-B8E4D2EA2BDE} = {02EA681E-C7D8-13C7-8484-4AC65E1B71E8}
		{5C618785-A3A9-46BD-B626-6D3F39EC40DB} = {07D99A78-CB3E-4645-A45D-EB12454C2EB3}
	EndGlobalSection
	GlobalSection(ExtensibilityGlobals) = postSolution
		SolutionGuid = {1DBED8A3-97AB-45F5-A152-51A651D823F7}
	EndGlobalSection
EndGlobal
